// !$*UTF8*$!
{
	archiveVersion = 1;
	classes = {
	};
	objectVersion = 46;
	objects = {

/* Begin PBXBuildFile section */
		80C2AFC31EFEC6F100DDD88D /* AppDelegate.swift in Sources */ = {isa = PBXBuildFile; fileRef = 80C2AFC21EFEC6F100DDD88D /* AppDelegate.swift */; };
		80C2AFC51EFEC6F100DDD88D /* ViewController.swift in Sources */ = {isa = PBXBuildFile; fileRef = 80C2AFC41EFEC6F100DDD88D /* ViewController.swift */; };
		80C2AFC81EFEC6F100DDD88D /* Main.storyboard in Resources */ = {isa = PBXBuildFile; fileRef = 80C2AFC61EFEC6F100DDD88D /* Main.storyboard */; };
		80C2AFCA1EFEC6F100DDD88D /* Assets.xcassets in Resources */ = {isa = PBXBuildFile; fileRef = 80C2AFC91EFEC6F100DDD88D /* Assets.xcassets */; };
		80C2AFCD1EFEC6F100DDD88D /* LaunchScreen.storyboard in Resources */ = {isa = PBXBuildFile; fileRef = 80C2AFCB1EFEC6F100DDD88D /* LaunchScreen.storyboard */; };
		80C2AFD51EFECA6400DDD88D /* ConnectionManager.swift in Sources */ = {isa = PBXBuildFile; fileRef = 80C2AFD41EFECA6400DDD88D /* ConnectionManager.swift */; };
		80C2AFD71EFECA7400DDD88D /* Generator.swift in Sources */ = {isa = PBXBuildFile; fileRef = 80C2AFD61EFECA7400DDD88D /* Generator.swift */; };
		80C2AFDD1EFED5E200DDD88D /* SwiftSocket.framework in Frameworks */ = {isa = PBXBuildFile; fileRef = 80C2AFDC1EFED5E200DDD88D /* SwiftSocket.framework */; };
		E5B0FBC141D257B2E5B69E82 /* Pods_Client_Swift.framework in Frameworks */ = {isa = PBXBuildFile; fileRef = 31437C2CC8B8A3C8B75EDE98 /* Pods_Client_Swift.framework */; };
/* End PBXBuildFile section */

/* Begin PBXCopyFilesBuildPhase section */
		80C2AFDB1EFED5C600DDD88D /* Embed Frameworks */ = {
			isa = PBXCopyFilesBuildPhase;
			buildActionMask = 2147483647;
			dstPath = "";
			dstSubfolderSpec = 10;
			files = (
			);
			name = "Embed Frameworks";
			runOnlyForDeploymentPostprocessing = 0;
		};
/* End PBXCopyFilesBuildPhase section */

/* Begin PBXFileReference section */
		31437C2CC8B8A3C8B75EDE98 /* Pods_Client_Swift.framework */ = {isa = PBXFileReference; explicitFileType = wrapper.framework; includeInIndex = 0; path = Pods_Client_Swift.framework; sourceTree = BUILT_PRODUCTS_DIR; };
		80C2AFBF1EFEC6F100DDD88D /* Client-Swift.app */ = {isa = PBXFileReference; explicitFileType = wrapper.application; includeInIndex = 0; path = "Client-Swift.app"; sourceTree = BUILT_PRODUCTS_DIR; };
		80C2AFC21EFEC6F100DDD88D /* AppDelegate.swift */ = {isa = PBXFileReference; lastKnownFileType = sourcecode.swift; path = AppDelegate.swift; sourceTree = "<group>"; };
		80C2AFC41EFEC6F100DDD88D /* ViewController.swift */ = {isa = PBXFileReference; lastKnownFileType = sourcecode.swift; path = ViewController.swift; sourceTree = "<group>"; };
		80C2AFC71EFEC6F100DDD88D /* Base */ = {isa = PBXFileReference; lastKnownFileType = file.storyboard; name = Base; path = Base.lproj/Main.storyboard; sourceTree = "<group>"; };
		80C2AFC91EFEC6F100DDD88D /* Assets.xcassets */ = {isa = PBXFileReference; lastKnownFileType = folder.assetcatalog; path = Assets.xcassets; sourceTree = "<group>"; };
		80C2AFCC1EFEC6F100DDD88D /* Base */ = {isa = PBXFileReference; lastKnownFileType = file.storyboard; name = Base; path = Base.lproj/LaunchScreen.storyboard; sourceTree = "<group>"; };
		80C2AFCE1EFEC6F100DDD88D /* Info.plist */ = {isa = PBXFileReference; lastKnownFileType = text.plist.xml; path = Info.plist; sourceTree = "<group>"; };
		80C2AFD41EFECA6400DDD88D /* ConnectionManager.swift */ = {isa = PBXFileReference; fileEncoding = 4; lastKnownFileType = sourcecode.swift; path = ConnectionManager.swift; sourceTree = "<group>"; };
		80C2AFD61EFECA7400DDD88D /* Generator.swift */ = {isa = PBXFileReference; fileEncoding = 4; lastKnownFileType = sourcecode.swift; path = Generator.swift; sourceTree = "<group>"; };
		80C2AFDC1EFED5E200DDD88D /* SwiftSocket.framework */ = {isa = PBXFileReference; lastKnownFileType = wrapper.framework; name = SwiftSocket.framework; path = "../../../Library/Developer/Xcode/DerivedData/Client-Swift-ftptymvnpkvfrodgkhrzgivajera/Build/Products/Debug-iphoneos/SwiftSocket/SwiftSocket.framework"; sourceTree = "<group>"; };
		BAD7543E3215512048B61CA4 /* Pods-Client-Swift.release.xcconfig */ = {isa = PBXFileReference; includeInIndex = 1; lastKnownFileType = text.xcconfig; name = "Pods-Client-Swift.release.xcconfig"; path = "Pods/Target Support Files/Pods-Client-Swift/Pods-Client-Swift.release.xcconfig"; sourceTree = "<group>"; };
		FDF589905ED9A7FDF9765DF1 /* Pods-Client-Swift.debug.xcconfig */ = {isa = PBXFileReference; includeInIndex = 1; lastKnownFileType = text.xcconfig; name = "Pods-Client-Swift.debug.xcconfig"; path = "Pods/Target Support Files/Pods-Client-Swift/Pods-Client-Swift.debug.xcconfig"; sourceTree = "<group>"; };
/* End PBXFileReference section */

/* Begin PBXFrameworksBuildPhase section */
		80C2AFBC1EFEC6F100DDD88D /* Frameworks */ = {
			isa = PBXFrameworksBuildPhase;
			buildActionMask = 2147483647;
			files = (
				80C2AFDD1EFED5E200DDD88D /* SwiftSocket.framework in Frameworks */,
				E5B0FBC141D257B2E5B69E82 /* Pods_Client_Swift.framework in Frameworks */,
			);
			runOnlyForDeploymentPostprocessing = 0;
		};
/* End PBXFrameworksBuildPhase section */

/* Begin PBXGroup section */
		287B3CC1E8A7506A1C5C9DB8 /* Frameworks */ = {
			isa = PBXGroup;
			children = (
				80C2AFDC1EFED5E200DDD88D /* SwiftSocket.framework */,
				31437C2CC8B8A3C8B75EDE98 /* Pods_Client_Swift.framework */,
			);
			name = Frameworks;
			sourceTree = "<group>";
		};
		80C2AFB61EFEC6F100DDD88D = {
			isa = PBXGroup;
			children = (
				80C2AFC11EFEC6F100DDD88D /* Client-Swift */,
				80C2AFC01EFEC6F100DDD88D /* Products */,
				E4020AAD5D035D4A5D414980 /* Pods */,
				287B3CC1E8A7506A1C5C9DB8 /* Frameworks */,
			);
			sourceTree = "<group>";
		};
		80C2AFC01EFEC6F100DDD88D /* Products */ = {
			isa = PBXGroup;
			children = (
				80C2AFBF1EFEC6F100DDD88D /* Client-Swift.app */,
			);
			name = Products;
			sourceTree = "<group>";
		};
		80C2AFC11EFEC6F100DDD88D /* Client-Swift */ = {
			isa = PBXGroup;
			children = (
				80C2AFC21EFEC6F100DDD88D /* AppDelegate.swift */,
				80C2AFC41EFEC6F100DDD88D /* ViewController.swift */,
				80C2AFC61EFEC6F100DDD88D /* Main.storyboard */,
				80C2AFC91EFEC6F100DDD88D /* Assets.xcassets */,
				80C2AFCB1EFEC6F100DDD88D /* LaunchScreen.storyboard */,
				80C2AFCE1EFEC6F100DDD88D /* Info.plist */,
				80C2AFD41EFECA6400DDD88D /* ConnectionManager.swift */,
				80C2AFD61EFECA7400DDD88D /* Generator.swift */,
			);
			path = "Client-Swift";
			sourceTree = "<group>";
		};
		E4020AAD5D035D4A5D414980 /* Pods */ = {
			isa = PBXGroup;
			children = (
				FDF589905ED9A7FDF9765DF1 /* Pods-Client-Swift.debug.xcconfig */,
				BAD7543E3215512048B61CA4 /* Pods-Client-Swift.release.xcconfig */,
			);
			name = Pods;
			sourceTree = "<group>";
		};
/* End PBXGroup section */

/* Begin PBXNativeTarget section */
		80C2AFBE1EFEC6F100DDD88D /* Client-Swift */ = {
			isa = PBXNativeTarget;
			buildConfigurationList = 80C2AFD11EFEC6F100DDD88D /* Build configuration list for PBXNativeTarget "Client-Swift" */;
			buildPhases = (
				FFD6F1A63392D8AA925EE5E6 /* [CP] Check Pods Manifest.lock */,
				80C2AFBB1EFEC6F100DDD88D /* Sources */,
				80C2AFBC1EFEC6F100DDD88D /* Frameworks */,
				80C2AFBD1EFEC6F100DDD88D /* Resources */,
				8C4A365C62F135101F997232 /* [CP] Embed Pods Frameworks */,
				1F6D2CB6017C9A3FB2F24383 /* [CP] Copy Pods Resources */,
				80C2AFDB1EFED5C600DDD88D /* Embed Frameworks */,
			);
			buildRules = (
			);
			dependencies = (
			);
			name = "Client-Swift";
			productName = "Client-Swift";
			productReference = 80C2AFBF1EFEC6F100DDD88D /* Client-Swift.app */;
			productType = "com.apple.product-type.application";
		};
/* End PBXNativeTarget section */

/* Begin PBXProject section */
		80C2AFB71EFEC6F100DDD88D /* Project object */ = {
			isa = PBXProject;
			attributes = {
				LastSwiftUpdateCheck = 0830;
				LastUpgradeCheck = 0830;
				ORGANIZATIONNAME = "Caio Lunardi";
				TargetAttributes = {
					80C2AFBE1EFEC6F100DDD88D = {
						CreatedOnToolsVersion = 8.3.3;
						DevelopmentTeam = B524284DDA;
						ProvisioningStyle = Automatic;
					};
				};
			};
			buildConfigurationList = 80C2AFBA1EFEC6F100DDD88D /* Build configuration list for PBXProject "Client-Swift" */;
			compatibilityVersion = "Xcode 3.2";
			developmentRegion = English;
			hasScannedForEncodings = 0;
			knownRegions = (
				en,
				Base,
			);
			mainGroup = 80C2AFB61EFEC6F100DDD88D;
			productRefGroup = 80C2AFC01EFEC6F100DDD88D /* Products */;
			projectDirPath = "";
			projectRoot = "";
			targets = (
				80C2AFBE1EFEC6F100DDD88D /* Client-Swift */,
			);
		};
/* End PBXProject section */

/* Begin PBXResourcesBuildPhase section */
		80C2AFBD1EFEC6F100DDD88D /* Resources */ = {
			isa = PBXResourcesBuildPhase;
			buildActionMask = 2147483647;
			files = (
				80C2AFCD1EFEC6F100DDD88D /* LaunchScreen.storyboard in Resources */,
				80C2AFCA1EFEC6F100DDD88D /* Assets.xcassets in Resources */,
				80C2AFC81EFEC6F100DDD88D /* Main.storyboard in Resources */,
			);
			runOnlyForDeploymentPostprocessing = 0;
		};
/* End PBXResourcesBuildPhase section */

/* Begin PBXShellScriptBuildPhase section */
		1F6D2CB6017C9A3FB2F24383 /* [CP] Copy Pods Resources */ = {
			isa = PBXShellScriptBuildPhase;
			buildActionMask = 2147483647;
			files = (
			);
			inputPaths = (
			);
			name = "[CP] Copy Pods Resources";
			outputPaths = (
			);
			runOnlyForDeploymentPostprocessing = 0;
			shellPath = /bin/sh;
			shellScript = "\"${SRCROOT}/Pods/Target Support Files/Pods-Client-Swift/Pods-Client-Swift-resources.sh\"\n";
			showEnvVarsInLog = 0;
		};
		8C4A365C62F135101F997232 /* [CP] Embed Pods Frameworks */ = {
			isa = PBXShellScriptBuildPhase;
			buildActionMask = 2147483647;
			files = (
			);
			inputPaths = (
			);
			name = "[CP] Embed Pods Frameworks";
			outputPaths = (
			);
			runOnlyForDeploymentPostprocessing = 0;
			shellPath = /bin/sh;
			shellScript = "\"${SRCROOT}/Pods/Target Support Files/Pods-Client-Swift/Pods-Client-Swift-frameworks.sh\"\n";
			showEnvVarsInLog = 0;
		};
		FFD6F1A63392D8AA925EE5E6 /* [CP] Check Pods Manifest.lock */ = {
			isa = PBXShellScriptBuildPhase;
			buildActionMask = 2147483647;
			files = (
			);
			inputPaths = (
			);
			name = "[CP] Check Pods Manifest.lock";
			outputPaths = (
			);
			runOnlyForDeploymentPostprocessing = 0;
			shellPath = /bin/sh;
			shellScript = "diff \"${PODS_PODFILE_DIR_PATH}/Podfile.lock\" \"${PODS_ROOT}/Manifest.lock\" > /dev/null\nif [ $? != 0 ] ; then\n    # print error to STDERR\n    echo \"error: The sandbox is not in sync with the Podfile.lock. Run 'pod install' or update your CocoaPods installation.\" >&2\n    exit 1\nfi\n";
			showEnvVarsInLog = 0;
		};
/* End PBXShellScriptBuildPhase section */

/* Begin PBXSourcesBuildPhase section */
		80C2AFBB1EFEC6F100DDD88D /* Sources */ = {
			isa = PBXSourcesBuildPhase;
			buildActionMask = 2147483647;
			files = (
				80C2AFC51EFEC6F100DDD88D /* ViewController.swift in Sources */,
				80C2AFD71EFECA7400DDD88D /* Generator.swift in Sources */,
				80C2AFD51EFECA6400DDD88D /* ConnectionManager.swift in Sources */,
				80C2AFC31EFEC6F100DDD88D /* AppDelegate.swift in Sources */,
			);
			runOnlyForDeploymentPostprocessing = 0;
		};
/* End PBXSourcesBuildPhase section */

/* Begin PBXVariantGroup section */
		80C2AFC61EFEC6F100DDD88D /* Main.storyboard */ = {
			isa = PBXVariantGroup;
			children = (
				80C2AFC71EFEC6F100DDD88D /* Base */,
			);
			name = Main.storyboard;
			sourceTree = "<group>";
		};
		80C2AFCB1EFEC6F100DDD88D /* LaunchScreen.storyboard */ = {
			isa = PBXVariantGroup;
			children = (
				80C2AFCC1EFEC6F100DDD88D /* Base */,
			);
			name = LaunchScreen.storyboard;
			sourceTree = "<group>";
		};
/* End PBXVariantGroup section */

/* Begin XCBuildConfiguration section */
		80C2AFCF1EFEC6F100DDD88D /* Debug */ = {
			isa = XCBuildConfiguration;
			buildSettings = {
				ALWAYS_SEARCH_USER_PATHS = NO;
				CLANG_ANALYZER_NONNULL = YES;
				CLANG_ANALYZER_NUMBER_OBJECT_CONVERSION = YES_AGGRESSIVE;
				CLANG_CXX_LANGUAGE_STANDARD = "gnu++0x";
				CLANG_CXX_LIBRARY = "libc++";
				CLANG_ENABLE_MODULES = YES;
				CLANG_ENABLE_OBJC_ARC = YES;
				CLANG_WARN_BOOL_CONVERSION = YES;
				CLANG_WARN_CONSTANT_CONVERSION = YES;
				CLANG_WARN_DIRECT_OBJC_ISA_USAGE = YES_ERROR;
				CLANG_WARN_DOCUMENTATION_COMMENTS = YES;
				CLANG_WARN_EMPTY_BODY = YES;
				CLANG_WARN_ENUM_CONVERSION = YES;
				CLANG_WARN_INFINITE_RECURSION = YES;
				CLANG_WARN_INT_CONVERSION = YES;
				CLANG_WARN_OBJC_ROOT_CLASS = YES_ERROR;
				CLANG_WARN_SUSPICIOUS_MOVE = YES;
				CLANG_WARN_UNREACHABLE_CODE = YES;
				CLANG_WARN__DUPLICATE_METHOD_MATCH = YES;
				"CODE_SIGN_IDENTITY[sdk=iphoneos*]" = "iPhone Developer";
				COPY_PHASE_STRIP = NO;
				DEBUG_INFORMATION_FORMAT = dwarf;
				ENABLE_STRICT_OBJC_MSGSEND = YES;
				ENABLE_TESTABILITY = YES;
				GCC_C_LANGUAGE_STANDARD = gnu99;
				GCC_DYNAMIC_NO_PIC = NO;
				GCC_NO_COMMON_BLOCKS = YES;
				GCC_OPTIMIZATION_LEVEL = 0;
				GCC_PREPROCESSOR_DEFINITIONS = (
					"DEBUG=1",
					"$(inherited)",
				);
				GCC_WARN_64_TO_32_BIT_CONVERSION = YES;
				GCC_WARN_ABOUT_RETURN_TYPE = YES_ERROR;
				GCC_WARN_UNDECLARED_SELECTOR = YES;
				GCC_WARN_UNINITIALIZED_AUTOS = YES_AGGRESSIVE;
				GCC_WARN_UNUSED_FUNCTION = YES;
				GCC_WARN_UNUSED_VARIABLE = YES;
				IPHONEOS_DEPLOYMENT_TARGET = 10.3;
				MTL_ENABLE_DEBUG_INFO = YES;
				ONLY_ACTIVE_ARCH = YES;
				SDKROOT = iphoneos;
				SWIFT_ACTIVE_COMPILATION_CONDITIONS = DEBUG;
				SWIFT_OPTIMIZATION_LEVEL = "-Onone";
				TARGETED_DEVICE_FAMILY = "1,2";
			};
			name = Debug;
		};
		80C2AFD01EFEC6F100DDD88D /* Release */ = {
			isa = XCBuildConfiguration;
			buildSettings = {
				ALWAYS_SEARCH_USER_PATHS = NO;
				CLANG_ANALYZER_NONNULL = YES;
				CLANG_ANALYZER_NUMBER_OBJECT_CONVERSION = YES_AGGRESSIVE;
				CLANG_CXX_LANGUAGE_STANDARD = "gnu++0x";
				CLANG_CXX_LIBRARY = "libc++";
				CLANG_ENABLE_MODULES = YES;
				CLANG_ENABLE_OBJC_ARC = YES;
				CLANG_WARN_BOOL_CONVERSION = YES;
				CLANG_WARN_CONSTANT_CONVERSION = YES;
				CLANG_WARN_DIRECT_OBJC_ISA_USAGE = YES_ERROR;
				CLANG_WARN_DOCUMENTATION_COMMENTS = YES;
				CLANG_WARN_EMPTY_BODY = YES;
				CLANG_WARN_ENUM_CONVERSION = YES;
				CLANG_WARN_INFINITE_RECURSION = YES;
				CLANG_WARN_INT_CONVERSION = YES;
				CLANG_WARN_OBJC_ROOT_CLASS = YES_ERROR;
				CLANG_WARN_SUSPICIOUS_MOVE = YES;
				CLANG_WARN_UNREACHABLE_CODE = YES;
				CLANG_WARN__DUPLICATE_METHOD_MATCH = YES;
				"CODE_SIGN_IDENTITY[sdk=iphoneos*]" = "iPhone Developer";
				COPY_PHASE_STRIP = NO;
				DEBUG_INFORMATION_FORMAT = "dwarf-with-dsym";
				ENABLE_NS_ASSERTIONS = NO;
				ENABLE_STRICT_OBJC_MSGSEND = YES;
				GCC_C_LANGUAGE_STANDARD = gnu99;
				GCC_NO_COMMON_BLOCKS = YES;
				GCC_WARN_64_TO_32_BIT_CONVERSION = YES;
				GCC_WARN_ABOUT_RETURN_TYPE = YES_ERROR;
				GCC_WARN_UNDECLARED_SELECTOR = YES;
				GCC_WARN_UNINITIALIZED_AUTOS = YES_AGGRESSIVE;
				GCC_WARN_UNUSED_FUNCTION = YES;
				GCC_WARN_UNUSED_VARIABLE = YES;
				IPHONEOS_DEPLOYMENT_TARGET = 10.3;
				MTL_ENABLE_DEBUG_INFO = NO;
				SDKROOT = iphoneos;
				SWIFT_OPTIMIZATION_LEVEL = "-Owholemodule";
				TARGETED_DEVICE_FAMILY = "1,2";
				VALIDATE_PRODUCT = YES;
			};
			name = Release;
		};
		80C2AFD21EFEC6F100DDD88D /* Debug */ = {
			isa = XCBuildConfiguration;
			baseConfigurationReference = FDF589905ED9A7FDF9765DF1 /* Pods-Client-Swift.debug.xcconfig */;
			buildSettings = {
				ASSETCATALOG_COMPILER_APPICON_NAME = AppIcon;
				DEVELOPMENT_TEAM = B524284DDA;
				INFOPLIST_FILE = "Client-Swift/Info.plist";
				LD_RUNPATH_SEARCH_PATHS = "$(inherited) @executable_path/Frameworks";
				PRODUCT_BUNDLE_IDENTIFIER = com.cblunardi.primegen;
				PRODUCT_NAME = "$(TARGET_NAME)";
				SWIFT_VERSION = 3.0;
			};
			name = Debug;
		};
		80C2AFD31EFEC6F100DDD88D /* Release */ = {
			isa = XCBuildConfiguration;
			baseConfigurationReference = BAD7543E3215512048B61CA4 /* Pods-Client-Swift.release.xcconfig */;
			buildSettings = {
				ASSETCATALOG_COMPILER_APPICON_NAME = AppIcon;
				DEVELOPMENT_TEAM = B524284DDA;
				INFOPLIST_FILE = "Client-Swift/Info.plist";
				LD_RUNPATH_SEARCH_PATHS = "$(inherited) @executable_path/Frameworks";
				PRODUCT_BUNDLE_IDENTIFIER = com.cblunardi.primegen;
				PRODUCT_NAME = "$(TARGET_NAME)";
				SWIFT_VERSION = 3.0;
			};
			name = Release;
		};
/* End XCBuildConfiguration section */

/* Begin XCConfigurationList section */
		80C2AFBA1EFEC6F100DDD88D /* Build configuration list for PBXProject "Client-Swift" */ = {
			isa = XCConfigurationList;
			buildConfigurations = (
				80C2AFCF1EFEC6F100DDD88D /* Debug */,
				80C2AFD01EFEC6F100DDD88D /* Release */,
			);
			defaultConfigurationIsVisible = 0;
			defaultConfigurationName = Release;
		};
		80C2AFD11EFEC6F100DDD88D /* Build configuration list for PBXNativeTarget "Client-Swift" */ = {
			isa = XCConfigurationList;
			buildConfigurations = (
				80C2AFD21EFEC6F100DDD88D /* Debug */,
				80C2AFD31EFEC6F100DDD88D /* Release */,
			);
			defaultConfigurationIsVisible = 0;
			defaultConfigurationName = Release;
		};
/* End XCConfigurationList section */
	};
	rootObject = 80C2AFB71EFEC6F100DDD88D /* Project object */;
}
